
Microsoft Visual Studio Solution File, Format Version 12.00
# Visual Studio 15
Project("{FAE04EC0-301F-11D3-BF4B-00C04F79EFBC}") = "Assembly-CSharp", "Assembly-CSharp.csproj", "{EB096DD3-536A-7947-9736-A7366F313B58}"
EndProject
Project("{FAE04EC0-301F-11D3-BF4B-00C04F79EFBC}") = "Assembly-CSharp-Editor", "Assembly-CSharp-Editor.csproj", "{6E478A44-1CF4-BED4-3E11-86EA348D5C48}"
EndProject
Global
	GlobalSection(SolutionConfigurationPlatforms) = preSolution
		Debug|Any CPU = Debug|Any CPU
		Release|Any CPU = Release|Any CPU
	EndGlobalSection
	GlobalSection(ProjectConfigurationPlatforms) = postSolution
		{EB096DD3-536A-7947-9736-A7366F313B58}.Debug|Any CPU.ActiveCfg = Debug|Any CPU
		{EB096DD3-536A-7947-9736-A7366F313B58}.Debug|Any CPU.Build.0 = Debug|Any CPU
		{EB096DD3-536A-7947-9736-A7366F313B58}.Release|Any CPU.ActiveCfg = Release|Any CPU
		{EB096DD3-536A-7947-9736-A7366F313B58}.Release|Any CPU.Build.0 = Release|Any CPU
		{6E478A44-1CF4-BED4-3E11-86EA348D5C48}.Debug|Any CPU.ActiveCfg = Debug|Any CPU
		{6E478A44-1CF4-BED4-3E11-86EA348D5C48}.Debug|Any CPU.Build.0 = Debug|Any CPU
		{6E478A44-1CF4-BED4-3E11-86EA348D5C48}.Release|Any CPU.ActiveCfg = Release|Any CPU
		{6E478A44-1CF4-BED4-3E11-86EA348D5C48}.Release|Any CPU.Build.0 = Release|Any CPU
	EndGlobalSection
	GlobalSection(SolutionProperties) = preSolution
		HideSolutionNode = FALSE
	EndGlobalSection
EndGlobal
